
Microsoft Visual Studio Solution File, Format Version 12.00
# Visual Studio Version 16
VisualStudioVersion = 16.0.31911.196
MinimumVisualStudioVersion = 10.0.40219.1
Project("{FAE04EC0-301F-11D3-BF4B-00C04F79EFBC}") = "01-AulaCSharp", "01-AulaCSharp\01-AulaCSharp.csproj", "{43B48829-E4BE-46ED-875B-572D6E789A6B}"
EndProject
Global
	GlobalSection(SolutionConfigurationPlatforms) = preSolution
		Debug|Any CPU = Debug|Any CPU
		Release|Any CPU = Release|Any CPU
	EndGlobalSection
	GlobalSection(ProjectConfigurationPlatforms) = postSolution
		{43B48829-E4BE-46ED-875B-572D6E789A6B}.Debug|Any CPU.ActiveCfg = Debug|Any CPU
		{43B48829-E4BE-46ED-875B-572D6E789A6B}.Debug|Any CPU.Build.0 = Debug|Any CPU
		{43B48829-E4BE-46ED-875B-572D6E789A6B}.Release|Any CPU.ActiveCfg = Release|Any CPU
		{43B48829-E4BE-46ED-875B-572D6E789A6B}.Release|Any CPU.Build.0 = Release|Any CPU
	EndGlobalSection
	GlobalSection(SolutionProperties) = preSolution
		HideSolutionNode = FALSE
	EndGlobalSection
	GlobalSection(ExtensibilityGlobals) = postSolution
		SolutionGuid = {BEEB3E07-7AB5-4E8D-AB86-4ED61A064918}
	EndGlobalSection
EndGlobal
